<?xml version="1.0" encoding="utf-8"?>
<Project ToolsVersion="4.0" xmlns="http://schemas.microsoft.com/developer/msbuild/2003">
  <ItemGroup>
    <ClCompile Include="stdafx.cpp" />
    <ClCompile Include="Game\Monster\Action\Act_Atack.cpp">
      <Filter>act</Filter>
    </ClCompile>
    <ClCompile Include="Game\Monster\Action\Act_Chase.cpp">
      <Filter>act</Filter>
    </ClCompile>
    <ClCompile Include="Game\Monster\Action\Act_Fire.cpp">
      <Filter>act</Filter>
    </ClCompile>
    <ClCompile Include="Game\Monster\Action\Act_Leave.cpp">
      <Filter>act</Filter>
    </ClCompile>
    <ClCompile Include="Game\Monster\Action\Act_Defense.cpp">
      <Filter>act</Filter>
    </ClCompile>
    <ClCompile Include="Game\AIEdit\AIEditLine.cpp">
      <Filter>Game\AIEdite</Filter>
    </ClCompile>
    <ClCompile Include="Game\AIEdit\AIEditMode.cpp">
      <Filter>Game\AIEdite</Filter>
    </ClCompile>
    <ClCompile Include="Game\Title\AIeditModeSelect.cpp">
      <Filter>Game\AIEdite</Filter>
    </ClCompile>
    <ClCompile Include="Game\AIEdit\AIEditNode.cpp">
      <Filter>Game\AIEdite</Filter>
    </ClCompile>
    <ClCompile Include="Game\AIEdit\AIEditNodeClick.cpp">
      <Filter>Game\AIEdite</Filter>
    </ClCompile>
    <ClCompile Include="Game\AIEdit\AIEditNodeInequ.cpp">
      <Filter>Game\AIEdite</Filter>
    </ClCompile>
    <ClCompile Include="Game\AIEdit\AIEditNodeMass.cpp">
      <Filter>Game\AIEdite</Filter>
    </ClCompile>
    <ClCompile Include="Game\AIEdit\AIEditNodeNum.cpp">
      <Filter>Game\AIEdite</Filter>
    </ClCompile>
    <ClCompile Include="Game\AIEdit\AIEditNodeOrder.cpp">
      <Filter>Game\AIEdite</Filter>
    </ClCompile>
    <ClCompile Include="Game\AIEdit\AIEditNodeProcess.cpp">
      <Filter>Game\AIEdite</Filter>
    </ClCompile>
    <ClCompile Include="Game\AIEdit\AIEditNodeTechnique.cpp">
      <Filter>Game\AIEdite</Filter>
    </ClCompile>
    <ClCompile Include="Engine\graphics\animation\Animation.cpp">
      <Filter>Engine</Filter>
    </ClCompile>
    <ClCompile Include="Engine\graphics\animation\AnimationClip.cpp">
      <Filter>Engine</Filter>
    </ClCompile>
    <ClCompile Include="Engine\graphics\animation\AnimationPlayController.cpp">
      <Filter>Engine</Filter>
    </ClCompile>
    <ClCompile Include="Engine\graphics\postEffect\Bloom.cpp">
      <Filter>Engine</Filter>
    </ClCompile>
    <ClCompile Include="Engine\graphics\Sprite\Effect.cpp">
      <Filter>Engine</Filter>
    </ClCompile>
    <ClCompile Include="Engine\Engine.cpp">
      <Filter>Engine</Filter>
    </ClCompile>
    <ClCompile Include="Engine\EngineStruct.cpp">
      <Filter>Engine</Filter>
    </ClCompile>
    <ClCompile Include="Engine\graphics\Camera.cpp">
      <Filter>Engine</Filter>
    </ClCompile>
    <ClCompile Include="Engine\physics\CapsuleCollider.cpp">
      <Filter>Engine</Filter>
    </ClCompile>
    <ClCompile Include="Engine\graphics\CCameraCollisionSlover.cpp">
      <Filter>Engine</Filter>
    </ClCompile>
    <ClCompile Include="Engine\graphics\CConstantBuffer.cpp">
      <Filter>Engine</Filter>
    </ClCompile>
    <ClCompile Include="Engine\graphics\Effect\CEffect.cpp">
      <Filter>Engine</Filter>
    </ClCompile>
    <ClCompile Include="Engine\graphics\Effect\CEffectEngine.cpp">
      <Filter>Engine</Filter>
    </ClCompile>
    <ClCompile Include="Engine\graphics\font\CFONT.cpp">
      <Filter>Engine</Filter>
    </ClCompile>
    <ClCompile Include="Engine\graphics\GPUBuffer\CGPUBuffer.cpp">
      <Filter>Engine</Filter>
    </ClCompile>
    <ClCompile Include="Engine\character\CharacterController.cpp">
      <Filter>Engine</Filter>
    </ClCompile>
    <ClCompile Include="Engine\graphics\CIndexBuffer.cpp">
      <Filter>Engine</Filter>
    </ClCompile>
    <ClCompile Include="Engine\graphics\ConstantBufferGPU.cpp">
      <Filter>Engine</Filter>
    </ClCompile>
    <ClCompile Include="Engine\graphics\CPrimitive.cpp">
      <Filter>Engine</Filter>
    </ClCompile>
    <ClCompile Include="Engine\graphics\CRenderContext.cpp">
      <Filter>Engine</Filter>
    </ClCompile>
    <ClCompile Include="Engine\graphics\CSamplerState.cpp">
      <Filter>Engine</Filter>
    </ClCompile>
    <ClCompile Include="Engine\graphics\CShader.cpp">
      <Filter>Engine</Filter>
    </ClCompile>
    <ClCompile Include="Engine\graphics\CShaderResource.cpp">
      <Filter>Engine</Filter>
    </ClCompile>
    <ClCompile Include="Engine\physics\CSphereCollider.cpp">
      <Filter>Engine</Filter>
    </ClCompile>
    <ClCompile Include="Engine\gameObject\CTransform.cpp">
      <Filter>Engine</Filter>
    </ClCompile>
    <ClCompile Include="Engine\graphics\CUnorderedAccessView.cpp">
      <Filter>Engine</Filter>
    </ClCompile>
    <ClCompile Include="Engine\graphics\CUtil.cpp">
      <Filter>Engine</Filter>
    </ClCompile>
    <ClCompile Include="Engine\graphics\CVertexBuffer.cpp">
      <Filter>Engine</Filter>
    </ClCompile>
    <ClCompile Include="Engine\graphics\postEffect\Dof.cpp">
      <Filter>Engine</Filter>
    </ClCompile>
    <ClCompile Include="Engine\gameObject\GameObject.cpp">
      <Filter>Engine</Filter>
    </ClCompile>
    <ClCompile Include="Engine\gameObject\GameObjectManager.cpp">
      <Filter>Engine</Filter>
    </ClCompile>
    <ClCompile Include="Engine\graphics\GraphicsEngine.cpp">
      <Filter>Engine</Filter>
    </ClCompile>
    <ClCompile Include="Engine\graphics\postEffect\GaussianBlur.cpp">
      <Filter>Engine</Filter>
    </ClCompile>
    <ClCompile Include="Engine\time\GameTime.cpp">
      <Filter>Engine</Filter>
    </ClCompile>
    <ClCompile Include="GameCamera.cpp">
      <Filter>Game</Filter>
    </ClCompile>
    <ClCompile Include="Game\GameCamera2D.cpp">
      <Filter>Game</Filter>
    </ClCompile>
    <ClCompile Include="Game\GameCamera3D.cpp">
      <Filter>Game</Filter>
    </ClCompile>
    <ClCompile Include="Game\GameCursor.cpp">
      <Filter>Game</Filter>
    </ClCompile>
    <ClCompile Include="Game\GameData.cpp">
      <Filter>Game</Filter>
    </ClCompile>
    <ClCompile Include="Game\GameMenu\GameMenu.cpp">
      <Filter>Game</Filter>
    </ClCompile>
    <ClCompile Include="Game\Game.cpp">
      <Filter>Game</Filter>
    </ClCompile>
    <ClCompile Include="Engine\graphics\RenderTarget.cpp">
      <Filter>Engine</Filter>
    </ClCompile>
    <ClCompile Include="Game\Result\ResultCamera.cpp">
      <Filter>Engine</Filter>
    </ClCompile>
    <ClCompile Include="Engine\physics\RigitBody.cpp">
      <Filter>Engine</Filter>
    </ClCompile>
    <ClCompile Include="Engine\graphics\Shader.cpp">
      <Filter>Engine</Filter>
    </ClCompile>
    <ClCompile Include="Engine\graphics\ShaderResouceView.cpp">
      <Filter>Engine</Filter>
    </ClCompile>
    <ClCompile Include="Engine\graphics\ShaderResources.cpp">
      <Filter>Engine</Filter>
    </ClCompile>
    <ClCompile Include="Engine\graphics\ShadowMap.cpp">
      <Filter>Engine</Filter>
    </ClCompile>
    <ClCompile Include="Engine\graphics\Skelton.cpp">
      <Filter>Engine</Filter>
    </ClCompile>
    <ClCompile Include="Engine\graphics\SkinModel.cpp">
      <Filter>Engine</Filter>
    </ClCompile>
    <ClCompile Include="Engine\graphics\SkinModelDataManager.cpp">
      <Filter>Engine</Filter>
    </ClCompile>
    <ClCompile Include="Engine\graphics\SkinModelDummy.cpp">
      <Filter>Engine</Filter>
    </ClCompile>
    <ClCompile Include="Engine\graphics\SkinModelEffect.cpp">
      <Filter>Engine</Filter>
    </ClCompile>
    <ClCompile Include="Engine\graphics\SkinModelRender.cpp">
      <Filter>Engine</Filter>
    </ClCompile>
    <ClCompile Include="Engine\graphics\SkinModelShaderConst.cpp">
      <Filter>Engine</Filter>
    </ClCompile>
    <ClCompile Include="Engine\sound\SoundEngine.cpp">
      <Filter>Engine</Filter>
    </ClCompile>
    <ClCompile Include="Engine\graphics\Sprite\SpBuffer.cpp">
      <Filter>Engine</Filter>
    </ClCompile>
    <ClCompile Include="Engine\graphics\SpringCamera.cpp">
      <Filter>Engine</Filter>
    </ClCompile>
    <ClCompile Include="Engine\graphics\Sprite\Sprite.cpp">
      <Filter>Engine</Filter>
    </ClCompile>
    <ClCompile Include="Engine\physics\SpriteBoxCollider.cpp">
      <Filter>Engine</Filter>
    </ClCompile>
    <ClCompile Include="Engine\graphics\SpriteRender.cpp">
      <Filter>Engine</Filter>
    </ClCompile>
    <ClCompile Include="Engine\graphics\font\FontRender.cpp">
      <Filter>Engine</Filter>
    </ClCompile>
    <ClCompile Include="Engine\FPSCounter.cpp">
      <Filter>Engine</Filter>
    </ClCompile>
    <ClCompile Include="Engine\math\kMath.cpp">
      <Filter>Engine</Filter>
    </ClCompile>
    <ClCompile Include="Engine\level\Level.cpp">
      <Filter>Engine</Filter>
    </ClCompile>
    <ClCompile Include="Game\Result\Lose\Lose.cpp">
      <Filter>Game</Filter>
    </ClCompile>
    <ClCompile Include="Game\Result\Lose\Lose_localPVP.cpp">
      <Filter>Game</Filter>
    </ClCompile>
    <ClCompile Include="Game\Result\Lose\Lose_randomPVP.cpp">
      <Filter>Game</Filter>
    </ClCompile>
    <ClCompile Include="Engine\level\MapChip.cpp">
      <Filter>Engine</Filter>
    </ClCompile>
    <ClCompile Include="Engine\math\Matrix.cpp">
      <Filter>Engine</Filter>
    </ClCompile>
    <ClCompile Include="Engine\physics\MeshCollider.cpp">
      <Filter>Engine</Filter>
    </ClCompile>
    <ClCompile Include="Engine\HID\Mouse.cpp">
      <Filter>Engine</Filter>
    </ClCompile>
    <ClCompile Include="Engine\HID\Pad.cpp">
      <Filter>Engine</Filter>
    </ClCompile>
    <ClCompile Include="Game\StageSetup\StageSetup.cpp">
      <Filter>Game</Filter>
    </ClCompile>
    <ClCompile Include="Game\StageSetup\StageSelect.cpp">
      <Filter>Game</Filter>
    </ClCompile>
    <ClCompile Include="Game\Title\ModeSelect.cpp">
      <Filter>Game</Filter>
    </ClCompile>
    <ClCompile Include="Engine\physics\Physics.cpp">
      <Filter>Engine</Filter>
    </ClCompile>
    <ClCompile Include="Engine\physics\PhysicsStaticObject.cpp">
      <Filter>Engine</Filter>
    </ClCompile>
    <ClCompile Include="Engine\PreCompile.cpp">
      <Filter>Engine</Filter>
    </ClCompile>
    <ClCompile Include="Engine\graphics\postEffect\PostEffect.cpp">
      <Filter>Engine</Filter>
    </ClCompile>
    <ClCompile Include="Game\PythonBridge\PythonBridge.cpp">
      <Filter>Game</Filter>
    </ClCompile>
    <ClCompile Include="Game\SaveLoad\PythonFileLoad.cpp">
      <Filter>Game</Filter>
    </ClCompile>
    <ClCompile Include="TestScene.cpp">
      <Filter>Game</Filter>
    </ClCompile>
    <ClCompile Include="TestScene2.cpp">
      <Filter>Game</Filter>
    </ClCompile>
    <ClCompile Include="Game\Title\Title.cpp">
      <Filter>Game</Filter>
    </ClCompile>
    <ClCompile Include="Game\SuddenDeath.cpp">
      <Filter>Game</Filter>
    </ClCompile>
    <ClCompile Include="Game\Result\Win\Win.cpp">
      <Filter>Game</Filter>
    </ClCompile>
    <ClCompile Include="Game\Result\Win\Win_localPVP.cpp">
      <Filter>Game</Filter>
    </ClCompile>
    <ClCompile Include="Game\Result\Win\Win_randomPVP.cpp">
      <Filter>Game</Filter>
    </ClCompile>
    <ClCompile Include="Engine\math\Vector.cpp">
      <Filter>Engine</Filter>
    </ClCompile>
    <ClCompile Include="Engine\window\Window.cpp">
      <Filter>Engine</Filter>
    </ClCompile>
    <ClCompile Include="Game\Title\pvpModeSelect.cpp">
      <Filter>Game</Filter>
    </ClCompile>
    <ClCompile Include="Game\main.cpp">
      <Filter>Game</Filter>
    </ClCompile>
    <ClCompile Include="Engine\graphics\StructedBuffer.cpp">
      <Filter>Engine</Filter>
    </ClCompile>
    <ClCompile Include="Engine\graphics\TScopedResource.cpp">
      <Filter>Engine</Filter>
    </ClCompile>
    <ClCompile Include="Game\Dungeon\DungeonAISelect.cpp">
      <Filter>Game\AIMonSelect\Dungeon</Filter>
    </ClCompile>
    <ClCompile Include="Game\Result\DungeonResult.cpp">
      <Filter>Game\AIMonSelect\Dungeon</Filter>
    </ClCompile>
    <ClCompile Include="Game\Dungeon\DungeonSelect.cpp">
      <Filter>Game\AIMonSelect\Dungeon</Filter>
    </ClCompile>
    <ClCompile Include="Game\Dungeon\DungeonTransition.cpp">
      <Filter>Game\AIMonSelect\Dungeon</Filter>
    </ClCompile>
    <ClCompile Include="Game\Title\AIMSelect.cpp">
      <Filter>Game\AIMonSelect</Filter>
    </ClCompile>
    <ClCompile Include="Game\Title\AISelect.cpp">
      <Filter>Game\AIMonSelect</Filter>
    </ClCompile>
    <ClCompile Include="Game\Title\IconAI.cpp">
      <Filter>Game\AIMonSelect</Filter>
    </ClCompile>
    <ClCompile Include="Game\Title\IconMon.cpp">
      <Filter>Game\AIMonSelect</Filter>
    </ClCompile>
    <ClCompile Include="Game\GameMenu\MenuButton.cpp">
      <Filter>Game\AIMonSelect</Filter>
    </ClCompile>
    <ClCompile Include="Game\Title\SuperMonsterSelect.cpp">
      <Filter>Game\AIMonSelect</Filter>
    </ClCompile>
    <ClCompile Include="Game\Title\MonsterSelect.cpp">
      <Filter>Game\AIMonSelect</Filter>
    </ClCompile>
    <ClCompile Include="Game\Title\PMMonster.cpp">
      <Filter>Game\AIMonSelect</Filter>
    </ClCompile>
    <ClCompile Include="Game\AIEdit\AIEdtiNodeAbnormalState.cpp">
      <Filter>Game\AIEdite</Filter>
    </ClCompile>
    <ClCompile Include="Game\AIEdit\AIEditNodeButton.cpp">
      <Filter>Game\AIEdite</Filter>
    </ClCompile>
    <ClCompile Include="Game\Monster\Monster.cpp">
      <Filter>Game\Monster</Filter>
    </ClCompile>
    <ClCompile Include="Game\Monster\MonsterAction.cpp">
      <Filter>Game\Monster</Filter>
    </ClCompile>
    <ClCompile Include="Game\Monster\MonsterActionList.cpp">
      <Filter>Game\Monster</Filter>
    </ClCompile>
    <ClCompile Include="Game\Monster\MonsterActionManeger.cpp">
      <Filter>Game\Monster</Filter>
    </ClCompile>
    <ClCompile Include="Game\Monster\MonsterEffect.cpp">
      <Filter>Game\Monster</Filter>
    </ClCompile>
    <ClCompile Include="Game\Monster\MonsterMarker.cpp">
      <Filter>Game\Monster</Filter>
    </ClCompile>
    <ClCompile Include="Game\Monster\Monsters\Uma.cpp">
      <Filter>Game\Monster</Filter>
    </ClCompile>
    <ClCompile Include="Game\Monster\Monsters\Fairy.cpp">
      <Filter>Game\Monster</Filter>
    </ClCompile>
    <ClCompile Include="Game\Monster\Monsters\TestMons.cpp">
      <Filter>Game\Monster</Filter>
    </ClCompile>
    <ClCompile Include="Game\AIEdit\AIEditNodeTarget.cpp">
      <Filter>Game\AIEdite</Filter>
    </ClCompile>
    <ClCompile Include="Game\VisualScriptAI\VisualScriptAI.cpp">
      <Filter>Game\VisualScriptAI</Filter>
    </ClCompile>
    <ClCompile Include="Game\AIEdit\AIEditNodeMenu.cpp">
      <Filter>Game\AIEdite</Filter>
    </ClCompile>
    <ClCompile Include="Game\Monster\Action\Act_Recovery.cpp">
      <Filter>act</Filter>
    </ClCompile>
    <ClCompile Include="Game\Monster\Action\Act_Guardian.cpp">
      <Filter>act</Filter>
    </ClCompile>
    <ClCompile Include="Game\Monster\Action\Act_Tackle.cpp">
      <Filter>act</Filter>
    </ClCompile>
    <ClCompile Include="Game\Monster\Action\ACTEffect.cpp">
      <Filter>act</Filter>
    </ClCompile>
    <ClCompile Include="Game\Fade\Fade.cpp">
      <Filter>Game\fade</Filter>
    </ClCompile>
    <ClCompile Include="Game\Fade\MusicFade.cpp">
      <Filter>Game\fade</Filter>
    </ClCompile>
    <ClCompile Include="Game\Dungeon\DungeonData.cpp">
      <Filter>Game\AIMonSelect\Dungeon</Filter>
    </ClCompile>
    <ClCompile Include="Game\Dungeon\DungeonGame.cpp">
      <Filter>Game\AIMonSelect\Dungeon</Filter>
    </ClCompile>
    <ClCompile Include="Engine\physics\PhysicsDebugDraw.cpp">
      <Filter>Engine</Filter>
    </ClCompile>
    <ClCompile Include="Engine\graphics\Primitive.cpp">
      <Filter>Engine</Filter>
    </ClCompile>
    <ClCompile Include="Engine\sound\CSound.cpp">
      <Filter>Engine</Filter>
    </ClCompile>
    <ClCompile Include="Game\AIEdit\AIEditNodeMenuConfirmation.cpp">
      <Filter>Game\AIEdite</Filter>
    </ClCompile>
    <ClCompile Include="Game\AIEdit\AIEditNodeSelectFonts.cpp">
      <Filter>Game\AIEdite</Filter>
    </ClCompile>
    <ClCompile Include="Game\Input\KeyBoard.cpp">
      <Filter>Game</Filter>
    </ClCompile>
    <ClCompile Include="Game\ReadyGO\ReadyGO.cpp">
      <Filter>Game\ReadyGO</Filter>
    </ClCompile>
    <ClCompile Include="Game\AIEdit\AIEditNodeBackGround.cpp">
      <Filter>Game\AIEdite</Filter>
    </ClCompile>
    <ClCompile Include="Game\AIEdit\AIEditNodeSelectButtons.cpp">
      <Filter>Game\AIEdite</Filter>
    </ClCompile>
    <ClCompile Include="Game\AIEdit\AIEditNodeDeleteKey.cpp">
      <Filter>Game\AIEdite</Filter>
    </ClCompile>
    <ClCompile Include="Game\MonsterBox\MonsterBox.cpp">
      <Filter>Game\AIMonSelect\Dungeon</Filter>
    </ClCompile>
    <ClCompile Include="Game\Dungeon\MonsterDrop.cpp">
      <Filter>Game</Filter>
    </ClCompile>
    <ClCompile Include="Game\AIEdit\AIEditNodeMenuSave.cpp">
      <Filter>Game\AIEdite</Filter>
    </ClCompile>
    <ClCompile Include="Game\Dungeon\DropEgg.cpp" />
    <ClCompile Include="Game\ExchangeData\ExchangeData.cpp" />
    <ClCompile Include="Game\Online\TestView.cpp" />
    <ClCompile Include="Game\NetPVP\NetPVPMode.cpp">
      <Filter>Game\NetPVP</Filter>
    </ClCompile>
    <ClCompile Include="Game\NetPVP\NetAISelect.cpp">
      <Filter>Game\NetPVP</Filter>
    </ClCompile>
    <ClCompile Include="Game\AIEdit\AIEditNodeMenuOpen.cpp">
      <Filter>Game\AIEdite</Filter>
    </ClCompile>
    <ClCompile Include="Game\AIEdit\VisualAIOpen.cpp">
      <Filter>Game\AIEdite</Filter>
    </ClCompile>
    <ClCompile Include="Game\Title\MonAIPreset\MonAIPresetIcon.cpp">
      <Filter>Game\AIMonSelect\AIMonPreset</Filter>
    </ClCompile>
    <ClCompile Include="Game\Title\MonAIPreset\MonAIPresetIcons.cpp">
      <Filter>Game\AIMonSelect\AIMonPreset</Filter>
    </ClCompile>
    <ClCompile Include="Game\Title\MonAIPreset\MonAIPresetLoadOpen.cpp">
      <Filter>Game\AIMonSelect\AIMonPreset</Filter>
    </ClCompile>
    <ClCompile Include="Game\Title\MonAIPreset\MonAIPresetOpenSuper.cpp">
      <Filter>Game\AIMonSelect\AIMonPreset</Filter>
    </ClCompile>
    <ClCompile Include="Game\Title\MonAIPreset\MonAIPresets.cpp">
      <Filter>Game\AIMonSelect\AIMonPreset</Filter>
    </ClCompile>
    <ClCompile Include="Game\Title\MonAIPreset\MonAIPresetSaveOpen.cpp">
      <Filter>Game\AIMonSelect\AIMonPreset</Filter>
    </ClCompile>
    <ClCompile Include="Game\NetPVP\CRatingSystem.cpp">
      <Filter>Game\NetPVP</Filter>
    </ClCompile>
    <ClCompile Include="Game\Online\Console.cpp">
      <Filter>Game\NetPVP</Filter>
    </ClCompile>
    <ClCompile Include="Game\Online\BaseView.cpp">
      <Filter>Game\NetPVP</Filter>
    </ClCompile>
    <ClCompile Include="Game\Online\LoadBalancingListener.cpp">
      <Filter>Game\NetPVP</Filter>
    </ClCompile>
    <ClCompile Include="Game\Online\NetworkLogic.cpp">
      <Filter>Game\NetPVP</Filter>
    </ClCompile>
    <ClCompile Include="Game\Online\OutputListener.cpp">
      <Filter>Game\NetPVP</Filter>
    </ClCompile>
    <ClCompile Include="Game\NetPVP\RatePopup.cpp">
      <Filter>Game\NetPVP</Filter>
    </ClCompile>
    <ClCompile Include="Game\ReturnButton\ReturnButton.cpp">
      <Filter>Game\ReturnButton</Filter>
    </ClCompile>
    <ClCompile Include="Game\Monster\Monsters\Armor.cpp">
      <Filter>Game\Monster</Filter>
    </ClCompile>
    <ClCompile Include="Game\Monster\Action\Act_superBeam.cpp">
      <Filter>act</Filter>
    </ClCompile>
    <ClCompile Include="Game\Monster\Action\Act_Cleanse.cpp">
      <Filter>act</Filter>
    </ClCompile>
    <ClCompile Include="Game\Monster\Action\Act_buffAtcPow.cpp">
      <Filter>act\buff</Filter>
    </ClCompile>
    <ClCompile Include="Game\Monster\Action\Act_buffDefPow.cpp">
      <Filter>act\buff</Filter>
    </ClCompile>
    <ClCompile Include="Game\Monster\Action\Act_debuffAtcPow.cpp">
      <Filter>act\debuff</Filter>
    </ClCompile>
    <ClCompile Include="Game\Monster\Action\Act_debuffDefPow.cpp">
      <Filter>act\debuff</Filter>
    </ClCompile>
    <ClCompile Include="Game\Monster\Action\Act_ObstMove.cpp">
      <Filter>act\debuff</Filter>
    </ClCompile>
    <ClCompile Include="Game\Monster\Action\Act_ObstMove.cpp" />
    <ClCompile Include="Game\Monster\Monsters\Goblin.cpp" />
    <ClCompile Include="Game\Monster\Monsters\Book.cpp">
      <Filter>Game\Monster</Filter>
    </ClCompile>
  </ItemGroup>
  <ItemGroup>
    <ClInclude Include="Game\PythonBridge\include\unicodeobject.h" />
    <ClInclude Include="stdafx.h" />
    <ClInclude Include="Game\Monster\Action\Act_Atack.h">
      <Filter>act</Filter>
    </ClInclude>
    <ClInclude Include="Game\Monster\Action\Act_Chase.h">
      <Filter>act</Filter>
    </ClInclude>
    <ClInclude Include="Game\Monster\Action\Act_Fire.h">
      <Filter>act</Filter>
    </ClInclude>
    <ClInclude Include="Game\Monster\Action\Act_Leave.h">
      <Filter>act</Filter>
    </ClInclude>
    <ClInclude Include="Game\Monster\Action\Act_Defense.h">
      <Filter>act</Filter>
    </ClInclude>
    <ClInclude Include="Game\PythonBridge\include\abstract.h">
      <Filter>Engine</Filter>
    </ClInclude>
    <ClInclude Include="Game\PythonBridge\include\accu.h">
      <Filter>Engine</Filter>
    </ClInclude>
    <ClInclude Include="Game\AIEdit\AIEditLine.h">
      <Filter>Game\AIEdite</Filter>
    </ClInclude>
    <ClInclude Include="Game\AIEdit\AIEditMode.h">
      <Filter>Game\AIEdite</Filter>
    </ClInclude>
    <ClInclude Include="Game\Title\AIeditModeSelect.h">
      <Filter>Game\AIEdite</Filter>
    </ClInclude>
    <ClInclude Include="Game\AIEdit\AIEditNode.h">
      <Filter>Game\AIEdite</Filter>
    </ClInclude>
    <ClInclude Include="Game\AIEdit\AIEditNodeClick.h">
      <Filter>Game\AIEdite</Filter>
    </ClInclude>
    <ClInclude Include="Game\AIEdit\AIEditNodeInequ.h">
      <Filter>Game\AIEdite</Filter>
    </ClInclude>
    <ClInclude Include="Game\AIEdit\AIEditNodeMass.h">
      <Filter>Game\AIEdite</Filter>
    </ClInclude>
    <ClInclude Include="Game\AIEdit\AIEditNodeNum.h">
      <Filter>Game\AIEdite</Filter>
    </ClInclude>
    <ClInclude Include="Game\AIEdit\AIEditNodeOrder.h">
      <Filter>Game\AIEdite</Filter>
    </ClInclude>
    <ClInclude Include="Game\AIEdit\AIEditNodeProcess.h">
      <Filter>Game\AIEdite</Filter>
    </ClInclude>
    <ClInclude Include="Game\AIEdit\AIEditNodeTechnique.h">
      <Filter>Game\AIEdite</Filter>
    </ClInclude>
    <ClInclude Include="Engine\graphics\animation\Animation.h">
      <Filter>Engine</Filter>
    </ClInclude>
    <ClInclude Include="Engine\graphics\animation\AnimationClip.h">
      <Filter>Engine</Filter>
    </ClInclude>
    <ClInclude Include="Engine\graphics\animation\AnimationPlayController.h">
      <Filter>Engine</Filter>
    </ClInclude>
    <ClInclude Include="Game\PythonBridge\include\asdl.h">
      <Filter>Engine</Filter>
    </ClInclude>
    <ClInclude Include="Game\PythonBridge\include\ast.h">
      <Filter>Engine</Filter>
    </ClInclude>
    <ClInclude Include="Engine\graphics\postEffect\Bloom.h">
      <Filter>Engine</Filter>
    </ClInclude>
    <ClInclude Include="Engine\graphics\Sprite\Effect.h">
      <Filter>Engine</Filter>
    </ClInclude>
    <ClInclude Include="Engine\Engine.h">
      <Filter>Engine</Filter>
    </ClInclude>
    <ClInclude Include="Engine\EngineStruct.h">
      <Filter>Engine</Filter>
    </ClInclude>
    <ClInclude Include="Game\PythonBridge\include\bitset.h">
      <Filter>Python</Filter>
    </ClInclude>
    <ClInclude Include="Game\PythonBridge\include\bltinmodule.h">
      <Filter>Python</Filter>
    </ClInclude>
    <ClInclude Include="Game\PythonBridge\include\boolobject.h">
      <Filter>Python</Filter>
    </ClInclude>
    <ClInclude Include="Game\PythonBridge\include\bytearrayobject.h">
      <Filter>Python</Filter>
    </ClInclude>
    <ClInclude Include="Game\PythonBridge\include\bytes_methods.h">
      <Filter>Python</Filter>
    </ClInclude>
    <ClInclude Include="Game\PythonBridge\include\bytesobject.h">
      <Filter>Python</Filter>
    </ClInclude>
    <ClInclude Include="Engine\graphics\Camera.h">
      <Filter>Engine</Filter>
    </ClInclude>
    <ClInclude Include="Engine\physics\CapsuleCollider.h">
      <Filter>Engine</Filter>
    </ClInclude>
    <ClInclude Include="Engine\graphics\CCameraCollisionSlover.h">
      <Filter>Engine</Filter>
    </ClInclude>
    <ClInclude Include="Engine\graphics\CConstantBuffer.h">
      <Filter>Engine</Filter>
    </ClInclude>
    <ClInclude Include="Engine\graphics\Effect\CEffect.h">
      <Filter>Engine</Filter>
    </ClInclude>
    <ClInclude Include="Engine\graphics\Effect\CEffectEngine.h">
      <Filter>Engine</Filter>
    </ClInclude>
    <ClInclude Include="Engine\graphics\font\CFONT.h">
      <Filter>Engine</Filter>
    </ClInclude>
    <ClInclude Include="Engine\graphics\GPUBuffer\CGPUBuffer.h">
      <Filter>Engine</Filter>
    </ClInclude>
    <ClInclude Include="Engine\character\CharacterController.h">
      <Filter>Engine</Filter>
    </ClInclude>
    <ClInclude Include="Engine\graphics\CIndexBuffer.h">
      <Filter>Engine</Filter>
    </ClInclude>
    <ClInclude Include="Engine\physics\CollisionAttr.h">
      <Filter>Engine</Filter>
    </ClInclude>
    <ClInclude Include="Engine\graphics\ConstantBufferGPU.h">
      <Filter>Engine</Filter>
    </ClInclude>
    <ClInclude Include="Game\PythonBridge\include\cellobject.h">
      <Filter>Python</Filter>
    </ClInclude>
    <ClInclude Include="Game\PythonBridge\include\ceval.h">
      <Filter>Python</Filter>
    </ClInclude>
    <ClInclude Include="Game\PythonBridge\include\classobject.h">
      <Filter>Python</Filter>
    </ClInclude>
    <ClInclude Include="Game\PythonBridge\include\codecs.h">
      <Filter>Python</Filter>
    </ClInclude>
    <ClInclude Include="Game\PythonBridge\include\code.h">
      <Filter>Python</Filter>
    </ClInclude>
    <ClInclude Include="Game\PythonBridge\include\complexobject.h">
      <Filter>Python</Filter>
    </ClInclude>
    <ClInclude Include="Game\PythonBridge\include\compile.h">
      <Filter>Python</Filter>
    </ClInclude>
    <ClInclude Include="Engine\graphics\CPrimitive.h">
      <Filter>Engine</Filter>
    </ClInclude>
    <ClInclude Include="Engine\graphics\CRenderContext.h">
      <Filter>Engine</Filter>
    </ClInclude>
    <ClInclude Include="Engine\graphics\CSamplerState.h">
      <Filter>Engine</Filter>
    </ClInclude>
    <ClInclude Include="Engine\graphics\CShader.h">
      <Filter>Engine</Filter>
    </ClInclude>
    <ClInclude Include="Engine\graphics\CShaderResource.h">
      <Filter>Engine</Filter>
    </ClInclude>
    <ClInclude Include="Engine\physics\CSphereCollider.h">
      <Filter>Engine</Filter>
    </ClInclude>
    <ClInclude Include="Engine\gameObject\CTransform.h">
      <Filter>Engine</Filter>
    </ClInclude>
    <ClInclude Include="Engine\graphics\CUnorderedAccessView.h">
      <Filter>Engine</Filter>
    </ClInclude>
    <ClInclude Include="Engine\graphics\CUtil.h">
      <Filter>Engine</Filter>
    </ClInclude>
    <ClInclude Include="Engine\graphics\CVertexBuffer.h">
      <Filter>Engine</Filter>
    </ClInclude>
    <ClInclude Include="Engine\graphics\postEffect\Dof.h">
      <Filter>Engine</Filter>
    </ClInclude>
    <ClInclude Include="Engine\gameObject\GameObjectManager.h">
      <Filter>Engine</Filter>
    </ClInclude>
    <ClInclude Include="Engine\gameObject\GameObject.h">
      <Filter>Engine</Filter>
    </ClInclude>
    <ClInclude Include="Engine\graphics\GraphicsEngine.h">
      <Filter>Engine</Filter>
    </ClInclude>
    <ClInclude Include="Engine\graphics\postEffect\GaussianBlur.h">
      <Filter>Engine</Filter>
    </ClInclude>
    <ClInclude Include="Engine\time\GameTime.h">
      <Filter>Engine</Filter>
    </ClInclude>
    <ClInclude Include="GameCamera.h">
      <Filter>Game</Filter>
    </ClInclude>
    <ClInclude Include="Game\GameCamera2D.h">
      <Filter>Game</Filter>
    </ClInclude>
    <ClInclude Include="Game\GameCamera3D.h">
      <Filter>Game</Filter>
    </ClInclude>
    <ClInclude Include="Game\GameCursor.h">
      <Filter>Game</Filter>
    </ClInclude>
    <ClInclude Include="Game\GameData.h">
      <Filter>Game</Filter>
    </ClInclude>
    <ClInclude Include="Game\GameMenu\GameMenu.h">
      <Filter>Game</Filter>
    </ClInclude>
    <ClInclude Include="Game\Game.h">
      <Filter>Game</Filter>
    </ClInclude>
    <ClInclude Include="Game\PythonBridge\include\py_curses.h">
      <Filter>Python</Filter>
    </ClInclude>
    <ClInclude Include="Game\PythonBridge\include\pyarena.h">
      <Filter>Python</Filter>
    </ClInclude>
    <ClInclude Include="Game\PythonBridge\include\pyatomic.h">
      <Filter>Python</Filter>
    </ClInclude>
    <ClInclude Include="Game\PythonBridge\include\pycapsule.h">
      <Filter>Python</Filter>
    </ClInclude>
    <ClInclude Include="Game\PythonBridge\include\pyconfig.h">
      <Filter>Python</Filter>
    </ClInclude>
    <ClInclude Include="Game\PythonBridge\include\pyctype.h">
      <Filter>Python</Filter>
    </ClInclude>
    <ClInclude Include="Game\PythonBridge\include\pydebug.h">
      <Filter>Python</Filter>
    </ClInclude>
    <ClInclude Include="Game\PythonBridge\include\pydtrace.h">
      <Filter>Python</Filter>
    </ClInclude>
    <ClInclude Include="Game\PythonBridge\include\pyerrors.h">
      <Filter>Python</Filter>
    </ClInclude>
    <ClInclude Include="Game\PythonBridge\include\pyexpat.h">
      <Filter>Python</Filter>
    </ClInclude>
    <ClInclude Include="Game\PythonBridge\include\pyfpe.h">
      <Filter>Python</Filter>
    </ClInclude>
    <ClInclude Include="Game\PythonBridge\include\pygetopt.h">
      <Filter>Python</Filter>
    </ClInclude>
    <ClInclude Include="Game\PythonBridge\include\pyhash.h">
      <Filter>Python</Filter>
    </ClInclude>
    <ClInclude Include="Game\PythonBridge\include\pylifecycle.h">
      <Filter>Python</Filter>
    </ClInclude>
    <ClInclude Include="Game\PythonBridge\include\pymacconfig.h">
      <Filter>Python</Filter>
    </ClInclude>
    <ClInclude Include="Game\PythonBridge\include\pymacro.h">
      <Filter>Python</Filter>
    </ClInclude>
    <ClInclude Include="Game\PythonBridge\include\pymath.h">
      <Filter>Python</Filter>
    </ClInclude>
    <ClInclude Include="Game\PythonBridge\include\pymem.h">
      <Filter>Python</Filter>
    </ClInclude>
    <ClInclude Include="Game\PythonBridge\include\pyport.h">
      <Filter>Python</Filter>
    </ClInclude>
    <ClInclude Include="Game\PythonBridge\include\pystate.h">
      <Filter>Python</Filter>
    </ClInclude>
    <ClInclude Include="Game\PythonBridge\include\pystrcmp.h">
      <Filter>Python</Filter>
    </ClInclude>
    <ClInclude Include="Game\PythonBridge\include\pystrhex.h">
      <Filter>Python</Filter>
    </ClInclude>
    <ClInclude Include="Game\PythonBridge\include\pystrtod.h">
      <Filter>Python</Filter>
    </ClInclude>
    <ClInclude Include="Game\PythonBridge\include\Python.h">
      <Filter>Python</Filter>
    </ClInclude>
    <ClInclude Include="Engine\graphics\RenderTarget.h">
      <Filter>Engine</Filter>
    </ClInclude>
    <ClInclude Include="Game\Result\ResultCamera.h">
      <Filter>Engine</Filter>
    </ClInclude>
    <ClInclude Include="Engine\physics\RigitBody.h">
      <Filter>Engine</Filter>
    </ClInclude>
    <ClInclude Include="Engine\graphics\Shader.h">
      <Filter>Engine</Filter>
    </ClInclude>
    <ClInclude Include="Engine\graphics\ShaderResouceView.h">
      <Filter>Engine</Filter>
    </ClInclude>
    <ClInclude Include="Engine\graphics\ShaderResources.h">
      <Filter>Engine</Filter>
    </ClInclude>
    <ClInclude Include="Engine\graphics\ShadowMap.h">
      <Filter>Engine</Filter>
    </ClInclude>
    <ClInclude Include="Engine\graphics\Skelton.h">
      <Filter>Engine</Filter>
    </ClInclude>
    <ClInclude Include="Engine\graphics\SkinModel.h">
      <Filter>Engine</Filter>
    </ClInclude>
    <ClInclude Include="Engine\graphics\SkinModelDataManager.h">
      <Filter>Engine</Filter>
    </ClInclude>
    <ClInclude Include="Engine\graphics\SkinModelDummy.h">
      <Filter>Engine</Filter>
    </ClInclude>
    <ClInclude Include="Engine\graphics\SkinModelEffect.h">
      <Filter>Engine</Filter>
    </ClInclude>
    <ClInclude Include="Engine\graphics\SkinModelRender.h">
      <Filter>Engine</Filter>
    </ClInclude>
    <ClInclude Include="Engine\graphics\SkinModelShaderConst.h">
      <Filter>Engine</Filter>
    </ClInclude>
    <ClInclude Include="Engine\sound\SoundEngine.h">
      <Filter>Engine</Filter>
    </ClInclude>
    <ClInclude Include="Engine\graphics\Sprite\SpBuffer.h">
      <Filter>Engine</Filter>
    </ClInclude>
    <ClInclude Include="Engine\graphics\SpringCamera.h">
      <Filter>Engine</Filter>
    </ClInclude>
    <ClInclude Include="Engine\graphics\Sprite\Sprite.h">
      <Filter>Engine</Filter>
    </ClInclude>
    <ClInclude Include="Engine\physics\SpriteBoxCollider.h">
      <Filter>Engine</Filter>
    </ClInclude>
    <ClInclude Include="Engine\graphics\SpriteRender.h">
      <Filter>Engine</Filter>
    </ClInclude>
    <ClInclude Include="Engine\graphics\font\FontRender.h">
      <Filter>Engine</Filter>
    </ClInclude>
    <ClInclude Include="Engine\FPSCounter.h">
      <Filter>Engine</Filter>
    </ClInclude>
    <ClInclude Include="Game\PythonBridge\include\datetime.h">
      <Filter>Python</Filter>
    </ClInclude>
    <ClInclude Include="Game\PythonBridge\include\descrobject.h">
      <Filter>Python</Filter>
    </ClInclude>
    <ClInclude Include="Game\PythonBridge\include\dictobject.h">
      <Filter>Python</Filter>
    </ClInclude>
    <ClInclude Include="Game\PythonBridge\include\dtoa.h">
      <Filter>Python</Filter>
    </ClInclude>
    <ClInclude Include="Game\PythonBridge\include\dynamic_annotations.h">
      <Filter>Python</Filter>
    </ClInclude>
    <ClInclude Include="Game\PythonBridge\include\enumobject.h">
      <Filter>Python</Filter>
    </ClInclude>
    <ClInclude Include="Game\PythonBridge\include\errcode.h">
      <Filter>Python</Filter>
    </ClInclude>
    <ClInclude Include="Game\PythonBridge\include\eval.h">
      <Filter>Python</Filter>
    </ClInclude>
    <ClInclude Include="Game\PythonBridge\include\fileobject.h">
      <Filter>Python</Filter>
    </ClInclude>
    <ClInclude Include="Game\PythonBridge\include\fileutils.h">
      <Filter>Python</Filter>
    </ClInclude>
    <ClInclude Include="Game\PythonBridge\include\floatobject.h">
      <Filter>Python</Filter>
    </ClInclude>
    <ClInclude Include="Game\PythonBridge\include\frameobject.h">
      <Filter>Python</Filter>
    </ClInclude>
    <ClInclude Include="Game\PythonBridge\include\funcobject.h">
      <Filter>Python</Filter>
    </ClInclude>
    <ClInclude Include="Game\PythonBridge\include\genobject.h">
      <Filter>Python</Filter>
    </ClInclude>
    <ClInclude Include="Game\PythonBridge\include\graminit.h">
      <Filter>Python</Filter>
    </ClInclude>
    <ClInclude Include="Game\PythonBridge\include\grammar.h">
      <Filter>Python</Filter>
    </ClInclude>
    <ClInclude Include="Game\PythonBridge\include\import.h">
      <Filter>Python</Filter>
    </ClInclude>
    <ClInclude Include="Game\PythonBridge\include\intrcheck.h">
      <Filter>Python</Filter>
    </ClInclude>
    <ClInclude Include="Game\PythonBridge\include\iterobject.h">
      <Filter>Python</Filter>
    </ClInclude>
    <ClInclude Include="Engine\math\kMath.h">
      <Filter>Engine</Filter>
    </ClInclude>
    <ClInclude Include="Engine\level\Level.h">
      <Filter>Engine</Filter>
    </ClInclude>
    <ClInclude Include="Game\Result\Lose\Lose.h">
      <Filter>Game</Filter>
    </ClInclude>
    <ClInclude Include="Game\Result\Lose\Lose_localPVP.h">
      <Filter>Game</Filter>
    </ClInclude>
    <ClInclude Include="Game\Result\Lose\Lose_randomPVP.h">
      <Filter>Game</Filter>
    </ClInclude>
    <ClInclude Include="Game\PythonBridge\include\longobject.h">
      <Filter>Python</Filter>
    </ClInclude>
    <ClInclude Include="Game\PythonBridge\include\longintrepr.h">
      <Filter>Python</Filter>
    </ClInclude>
    <ClInclude Include="Game\PythonBridge\include\listobject.h">
      <Filter>Python</Filter>
    </ClInclude>
    <ClInclude Include="Engine\math\Matrix.h">
      <Filter>Engine</Filter>
    </ClInclude>
    <ClInclude Include="Engine\physics\ICollider.h">
      <Filter>Engine</Filter>
    </ClInclude>
    <ClInclude Include="Engine\level\MapChip.h">
      <Filter>Engine</Filter>
    </ClInclude>
    <ClInclude Include="Engine\physics\MeshCollider.h">
      <Filter>Engine</Filter>
    </ClInclude>
    <ClInclude Include="Game\PythonBridge\include\moduleobject.h">
      <Filter>Python</Filter>
    </ClInclude>
    <ClInclude Include="Game\PythonBridge\include\marshal.h">
      <Filter>Python</Filter>
    </ClInclude>
    <ClInclude Include="Game\PythonBridge\include\memoryobject.h">
      <Filter>Python</Filter>
    </ClInclude>
    <ClInclude Include="Game\PythonBridge\include\metagrammar.h">
      <Filter>Python</Filter>
    </ClInclude>
    <ClInclude Include="Game\PythonBridge\include\methodobject.h">
      <Filter>Python</Filter>
    </ClInclude>
    <ClInclude Include="Game\PythonBridge\include\modsupport.h">
      <Filter>Python</Filter>
    </ClInclude>
    <ClInclude Include="Game\PythonBridge\include\namespaceobject.h">
      <Filter>Python</Filter>
    </ClInclude>
    <ClInclude Include="Game\PythonBridge\include\node.h">
      <Filter>Python</Filter>
    </ClInclude>
    <ClInclude Include="Game\PythonBridge\include\osmodule.h">
      <Filter>Python</Filter>
    </ClInclude>
    <ClInclude Include="Game\PythonBridge\include\object.h">
      <Filter>Python</Filter>
    </ClInclude>
    <ClInclude Include="Game\PythonBridge\include\objimpl.h">
      <Filter>Python</Filter>
    </ClInclude>
    <ClInclude Include="Game\PythonBridge\include\odictobject.h">
      <Filter>Python</Filter>
    </ClInclude>
    <ClInclude Include="Game\PythonBridge\include\opcode.h">
      <Filter>Python</Filter>
    </ClInclude>
    <ClInclude Include="Game\PythonBridge\include\osdefs.h">
      <Filter>Python</Filter>
    </ClInclude>
    <ClInclude Include="Engine\HID\Pad.h">
      <Filter>Engine</Filter>
    </ClInclude>
    <ClInclude Include="Engine\HID\Mouse.h">
      <Filter>Engine</Filter>
    </ClInclude>
    <ClInclude Include="Engine\graphics\Noncopyable.h">
      <Filter>Engine</Filter>
    </ClInclude>
    <ClInclude Include="Game\StageSetup\StageSetup.h">
      <Filter>Game</Filter>
    </ClInclude>
    <ClInclude Include="Game\StageSetup\StageSelect.h">
      <Filter>Game</Filter>
    </ClInclude>
    <ClInclude Include="Game\Title\ModeSelect.h">
      <Filter>Game</Filter>
    </ClInclude>
    <ClInclude Include="Game\PythonBridge\include\parsetok.h">
      <Filter>Python</Filter>
    </ClInclude>
    <ClInclude Include="Game\PythonBridge\include\patchlevel.h">
      <Filter>Python</Filter>
    </ClInclude>
    <ClInclude Include="Game\PythonBridge\include\pgen.h">
      <Filter>Python</Filter>
    </ClInclude>
    <ClInclude Include="Game\PythonBridge\include\pgenheaders.h">
      <Filter>Python</Filter>
    </ClInclude>
    <ClInclude Include="Engine\physics\Physics.h">
      <Filter>Engine</Filter>
    </ClInclude>
    <ClInclude Include="Engine\physics\PhysicsStaticObject.h">
      <Filter>Engine</Filter>
    </ClInclude>
    <ClInclude Include="Engine\PreCompile.h">
      <Filter>Engine</Filter>
    </ClInclude>
    <ClInclude Include="Engine\graphics\postEffect\PostEffect.h">
      <Filter>Engine</Filter>
    </ClInclude>
    <ClInclude Include="Game\PythonBridge\PythonBridge.h">
      <Filter>Game</Filter>
    </ClInclude>
    <ClInclude Include="Game\SaveLoad\PythonFileLoad.h">
      <Filter>Game</Filter>
    </ClInclude>
    <ClInclude Include="Game\PythonBridge\include\Python-ast.h">
      <Filter>Python</Filter>
    </ClInclude>
    <ClInclude Include="Game\PythonBridge\include\pythonrun.h">
      <Filter>Python</Filter>
    </ClInclude>
    <ClInclude Include="Game\PythonBridge\include\pythread.h">
      <Filter>Python</Filter>
    </ClInclude>
    <ClInclude Include="Game\PythonBridge\include\pytime.h">
      <Filter>Python</Filter>
    </ClInclude>
    <ClInclude Include="Game\PythonBridge\include\rangeobject.h">
      <Filter>Python</Filter>
    </ClInclude>
    <ClInclude Include="Game\PythonBridge\include\setobject.h">
      <Filter>Python</Filter>
    </ClInclude>
    <ClInclude Include="Game\PythonBridge\include\sliceobject.h">
      <Filter>Python</Filter>
    </ClInclude>
    <ClInclude Include="TestScene2.h">
      <Filter>Game</Filter>
    </ClInclude>
    <ClInclude Include="TestScene.h">
      <Filter>Game</Filter>
    </ClInclude>
    <ClInclude Include="Game\Title\Title.h">
      <Filter>Game</Filter>
    </ClInclude>
    <ClInclude Include="Game\SuddenDeath.h">
      <Filter>Game</Filter>
    </ClInclude>
    <ClInclude Include="Game\Result\Win\Win_randomPVP.h">
      <Filter>Game</Filter>
    </ClInclude>
    <ClInclude Include="Game\Result\Win\Win.h">
      <Filter>Game</Filter>
    </ClInclude>
    <ClInclude Include="Game\Result\Win\Win_localPVP.h">
      <Filter>Game</Filter>
    </ClInclude>
    <ClInclude Include="Game\PythonBridge\include\structmember.h">
      <Filter>Python</Filter>
    </ClInclude>
    <ClInclude Include="Game\PythonBridge\include\structseq.h">
      <Filter>Python</Filter>
    </ClInclude>
    <ClInclude Include="Game\PythonBridge\include\symtable.h">
      <Filter>Python</Filter>
    </ClInclude>
    <ClInclude Include="Game\PythonBridge\include\sysmodule.h">
      <Filter>Python</Filter>
    </ClInclude>
    <ClInclude Include="Game\PythonBridge\include\token.h">
      <Filter>Python</Filter>
    </ClInclude>
    <ClInclude Include="Game\PythonBridge\include\traceback.h">
      <Filter>Python</Filter>
    </ClInclude>
    <ClInclude Include="Game\PythonBridge\include\tupleobject.h">
      <Filter>Python</Filter>
    </ClInclude>
    <ClInclude Include="Game\PythonBridge\include\typeslots.h">
      <Filter>Python</Filter>
    </ClInclude>
    <ClInclude Include="Game\PythonBridge\include\ucnhash.h">
      <Filter>Python</Filter>
    </ClInclude>
    <ClInclude Include="Game\PythonBridge\include\weakrefobject.h">
      <Filter>Python</Filter>
    </ClInclude>
    <ClInclude Include="Game\PythonBridge\include\warnings.h">
      <Filter>Python</Filter>
    </ClInclude>
    <ClInclude Include="Engine\math\Vector.h">
      <Filter>Engine</Filter>
    </ClInclude>
    <ClInclude Include="Engine\window\Window.h">
      <Filter>Engine</Filter>
    </ClInclude>
    <ClInclude Include="Engine\util\Util.h">
      <Filter>Engine</Filter>
    </ClInclude>
    <ClInclude Include="Game\Title\pvpModeSelect.h">
      <Filter>Game</Filter>
    </ClInclude>
    <ClInclude Include="Engine\graphics\StructedBuffer.h">
      <Filter>Engine</Filter>
    </ClInclude>
    <ClInclude Include="Engine\graphics\TScopedResource.h">
      <Filter>Engine</Filter>
    </ClInclude>
    <ClInclude Include="Game\Dungeon\DungeonAISelect.h">
      <Filter>Game\AIMonSelect\Dungeon</Filter>
    </ClInclude>
    <ClInclude Include="Game\Result\DungeonResult.h">
      <Filter>Game\AIMonSelect\Dungeon</Filter>
    </ClInclude>
    <ClInclude Include="Game\Dungeon\DungeonSelect.h">
      <Filter>Game\AIMonSelect\Dungeon</Filter>
    </ClInclude>
    <ClInclude Include="Game\Dungeon\DungeonTransition.h">
      <Filter>Game\AIMonSelect\Dungeon</Filter>
    </ClInclude>
    <ClInclude Include="Game\Title\AIMSelect.h">
      <Filter>Game\AIMonSelect</Filter>
    </ClInclude>
    <ClInclude Include="Game\Title\AISelect.h">
      <Filter>Game\AIMonSelect</Filter>
    </ClInclude>
    <ClInclude Include="Game\Title\IconAI.h">
      <Filter>Game\AIMonSelect</Filter>
    </ClInclude>
    <ClInclude Include="Game\Title\IconMon.h">
      <Filter>Game\AIMonSelect</Filter>
    </ClInclude>
    <ClInclude Include="Game\GameMenu\MenuButton.h">
      <Filter>Game\AIMonSelect</Filter>
    </ClInclude>
    <ClInclude Include="Game\Title\SuperMonsterSelect.h">
      <Filter>Game\AIMonSelect</Filter>
    </ClInclude>
    <ClInclude Include="Game\Title\MonsterSelect.h">
      <Filter>Game\AIMonSelect</Filter>
    </ClInclude>
    <ClInclude Include="Game\Title\PMMonster.h">
      <Filter>Game\AIMonSelect</Filter>
    </ClInclude>
    <ClInclude Include="Game\AIEdit\AIEditNodeButton.h">
      <Filter>Game\AIEdite</Filter>
    </ClInclude>
    <ClInclude Include="Game\AIEdit\AIEdtiNodeAbnormalState.h">
      <Filter>Game\AIEdite</Filter>
    </ClInclude>
    <ClInclude Include="Game\Monster\Monster.h">
      <Filter>Game\Monster</Filter>
    </ClInclude>
    <ClInclude Include="Game\Monster\MonsterAction.h">
      <Filter>Game\Monster</Filter>
    </ClInclude>
    <ClInclude Include="Game\Monster\MonsterActionList.h">
      <Filter>Game\Monster</Filter>
    </ClInclude>
    <ClInclude Include="Game\Monster\MonsterActionManeger.h">
      <Filter>Game\Monster</Filter>
    </ClInclude>
    <ClInclude Include="Game\Monster\MonsterEffect.h">
      <Filter>Game\Monster</Filter>
    </ClInclude>
    <ClInclude Include="Game\Monster\MonsterMarker.h">
      <Filter>Game\Monster</Filter>
    </ClInclude>
    <ClInclude Include="Game\Monster\Monsters\Uma.h">
      <Filter>Game\Monster</Filter>
    </ClInclude>
    <ClInclude Include="Game\Monster\Monsters\Fairy.h">
      <Filter>Game\Monster</Filter>
    </ClInclude>
    <ClInclude Include="Game\Monster\Monsters\TestMons.h">
      <Filter>Game\Monster</Filter>
    </ClInclude>
    <ClInclude Include="Game\AIEdit\AIEditNodeTarget.h">
      <Filter>Game\AIEdite</Filter>
    </ClInclude>
    <ClInclude Include="Game\VisualScriptAI\VisualScriptAI.h">
      <Filter>Game\VisualScriptAI</Filter>
    </ClInclude>
    <ClInclude Include="Game\AIEdit\AIEditNodeMenu.h">
      <Filter>Game\AIEdite</Filter>
    </ClInclude>
    <ClInclude Include="Game\Monster\Action\Act_Recovery.h">
      <Filter>act</Filter>
    </ClInclude>
    <ClInclude Include="Game\Monster\Action\Act_Tackle.h">
      <Filter>act</Filter>
    </ClInclude>
    <ClInclude Include="Game\Monster\Action\Act_Guardian.h">
      <Filter>act</Filter>
    </ClInclude>
    <ClInclude Include="Game\Monster\Action\ACTEffect.h">
      <Filter>act</Filter>
    </ClInclude>
    <ClInclude Include="Game\Fade\Fade.h">
      <Filter>Game\fade</Filter>
    </ClInclude>
    <ClInclude Include="Game\Fade\MusicFade.h">
      <Filter>Game\fade</Filter>
    </ClInclude>
    <ClInclude Include="Game\Dungeon\DungeonGame.h">
      <Filter>Game\AIMonSelect\Dungeon</Filter>
    </ClInclude>
    <ClInclude Include="Game\Dungeon\DungeonData.h">
      <Filter>Game\AIMonSelect\Dungeon</Filter>
    </ClInclude>
    <ClInclude Include="Engine\physics\PhysicsDebugDraw.h">
      <Filter>Engine</Filter>
    </ClInclude>
    <ClInclude Include="Engine\graphics\Primitive.h">
      <Filter>Engine</Filter>
    </ClInclude>
    <ClInclude Include="Engine\sound\CSound.h">
      <Filter>Engine</Filter>
    </ClInclude>
    <ClInclude Include="Game\AIEdit\AIEditNodeMenuConfirmation.h">
      <Filter>Game\AIEdite</Filter>
    </ClInclude>
    <ClInclude Include="Game\AIEdit\AIEditNodeSelectFonts.h">
      <Filter>Game\AIEdite</Filter>
    </ClInclude>
    <ClInclude Include="Game\Input\KeyBoard.h">
      <Filter>Game</Filter>
    </ClInclude>
    <ClInclude Include="Game\ReadyGO\ReadyGO.h">
      <Filter>Game\ReadyGO</Filter>
    </ClInclude>
    <ClInclude Include="Game\AIEdit\AIEditNodeBackGround.h">
      <Filter>Game\AIEdite</Filter>
    </ClInclude>
    <ClInclude Include="Game\AIEdit\AIEditNodeSelectButtons.h">
      <Filter>Game\AIEdite</Filter>
    </ClInclude>
    <ClInclude Include="Game\AIEdit\AIEditNodeDeleteKey.h">
      <Filter>Game\AIEdite</Filter>
    </ClInclude>
    <ClInclude Include="Game\MonsterBox\MonsterBox.h">
      <Filter>Game\AIMonSelect\Dungeon</Filter>
    </ClInclude>
    <ClInclude Include="Game\Dungeon\MonsterDrop.h">
      <Filter>Game</Filter>
    </ClInclude>
    <ClInclude Include="Game\AIEdit\AIEditNodeMenuSave.h">
      <Filter>Game\AIEdite</Filter>
    </ClInclude>
    <ClInclude Include="Game\Dungeon\DropEgg.h" />
    <ClInclude Include="Game\ExchangeData\ExchangeData.h" />
    <ClInclude Include="Game\Online\TestView.h" />
    <ClInclude Include="Game\NetPVP\NetPVPMode.h">
      <Filter>Game\NetPVP</Filter>
    </ClInclude>
    <ClInclude Include="Game\NetPVP\NetAISelect.h">
      <Filter>Game\NetPVP</Filter>
    </ClInclude>
    <ClInclude Include="Game\AIEdit\AIEditNodeMenuOpen.h">
      <Filter>Game\AIEdite</Filter>
    </ClInclude>
    <ClInclude Include="Game\AIEdit\VisualAIOpen.h">
      <Filter>Game\AIEdite</Filter>
    </ClInclude>
    <ClInclude Include="Game\Title\MonAIPreset\MonAIPresetIcon.h">
      <Filter>Game\AIMonSelect\AIMonPreset</Filter>
    </ClInclude>
    <ClInclude Include="Game\Title\MonAIPreset\MonAIPresetIcons.h">
      <Filter>Game\AIMonSelect\AIMonPreset</Filter>
    </ClInclude>
    <ClInclude Include="Game\Title\MonAIPreset\MonAIPresetLoadOpen.h">
      <Filter>Game\AIMonSelect\AIMonPreset</Filter>
    </ClInclude>
    <ClInclude Include="Game\Title\MonAIPreset\MonAIPresetOpenSuper.h">
      <Filter>Game\AIMonSelect\AIMonPreset</Filter>
    </ClInclude>
    <ClInclude Include="Game\Title\MonAIPreset\MonAIPresets.h">
      <Filter>Game\AIMonSelect\AIMonPreset</Filter>
    </ClInclude>
    <ClInclude Include="Game\Title\MonAIPreset\MonAIPresetSaveOpen.h">
      <Filter>Game\AIMonSelect\AIMonPreset</Filter>
    </ClInclude>
    <ClInclude Include="Game\NetPVP\CRatingSystem.h">
      <Filter>Game\NetPVP</Filter>
    </ClInclude>
    <ClInclude Include="Game\Online\Console.h">
      <Filter>Game\NetPVP</Filter>
    </ClInclude>
    <ClInclude Include="Game\Online\BaseView.h">
      <Filter>Game\NetPVP</Filter>
    </ClInclude>
    <ClInclude Include="Game\Online\LoadBalancingListener.h">
      <Filter>Game\NetPVP</Filter>
    </ClInclude>
    <ClInclude Include="Game\Online\NetworkLogic.h">
      <Filter>Game\NetPVP</Filter>
    </ClInclude>
    <ClInclude Include="Game\Online\OutputListener.h">
      <Filter>Game\NetPVP</Filter>
    </ClInclude>
    <ClInclude Include="Game\NetPVP\RatePopup.h">
      <Filter>Game\NetPVP</Filter>
    </ClInclude>
    <ClInclude Include="Game\ReturnButton\ReturnButton.h">
      <Filter>Game\ReturnButton</Filter>
    </ClInclude>
    <ClInclude Include="Game\Monster\Monsters\Armor.h">
      <Filter>Game\Monster</Filter>
    </ClInclude>
    <ClInclude Include="Game\Monster\Action\Act_superBeam.h">
      <Filter>act</Filter>
    </ClInclude>
    <ClInclude Include="Game\Monster\Action\Act_Cleanse.h">
      <Filter>act</Filter>
    </ClInclude>
    <ClInclude Include="Game\Monster\Action\Act_buffAtcPow.h">
      <Filter>act\buff</Filter>
    </ClInclude>
    <ClInclude Include="Game\Monster\Action\Act_buffDefPow.h">
      <Filter>act\buff</Filter>
    </ClInclude>
    <ClInclude Include="Game\Monster\Action\Act_debuffDefPow.h">
      <Filter>act\debuff</Filter>
    </ClInclude>
    <ClInclude Include="Game\Monster\Action\Act_debuffAtcPow.h">
      <Filter>act\debuff</Filter>
    </ClInclude>
    <ClInclude Include="Game\Monster\Action\Act_ObstMove.h">
      <Filter>act\debuff</Filter>
    </ClInclude>
    <ClInclude Include="Game\Monster\Action\Act_ObstMove.h" />
    <ClInclude Include="Game\Monster\Monsters\Goblin.h" />
    <ClInclude Include="Game\Monster\Monsters\Book.h">
      <Filter>Game\Monster</Filter>
    </ClInclude>
  </ItemGroup>
  <ItemGroup>
    <CustomBuild Include="python36.lib" />
    <CustomBuild Include="python36_d.lib" />
    <CustomBuild Include="Assets\modelData\uma.tks">
      <Filter>Assets</Filter>
    </CustomBuild>
  </ItemGroup>
  <ItemGroup>
    <CopyFileToFolders Include="Game\dlllib\python36.dll" />
    <CopyFileToFolders Include="Game\dlllib\python36_d.dll" />
    <CopyFileToFolders Include="PythonAIs\ang.py">
      <Filter>Game\PyAI</Filter>
    </CopyFileToFolders>
    <CopyFileToFolders Include="PythonAIs\testBrain.py">
      <Filter>Game</Filter>
    </CopyFileToFolders>
    <CopyFileToFolders Include="PythonAIs\testBrain1.py">
      <Filter>Game</Filter>
    </CopyFileToFolders>
    <CopyFileToFolders Include="PythonAIs\CppBridge.py">
      <Filter>Game\PyAI</Filter>
    </CopyFileToFolders>
  </ItemGroup>
  <ItemGroup>
    <None Include="PythonAIs\F.py" />
    <None Include="PythonAIs\_MiddleExecute.py">
      <Filter>Game\PyAI</Filter>
    </None>
    <None Include="Game\PythonBridge\include\pydtrace.d">
      <Filter>Python</Filter>
    </None>
    <None Include="Assets\effect\fire1\fire1.efk">
      <Filter>Assets</Filter>
    </None>
    <None Include="Assets\modelData\hnd.tks">
      <Filter>Assets</Filter>
    </None>
    <None Include="Assets\modelData\fairy\hnd_atack.tka">
      <Filter>Assets</Filter>
    </None>
    <None Include="Assets\modelData\fairy\hnd_ex1.tka">
      <Filter>Assets</Filter>
    </None>
    <None Include="Assets\modelData\fairy\hnd_idle.tka">
      <Filter>Assets</Filter>
    </None>
    <None Include="Assets\modelData\仮保管庫\move.tka">
      <Filter>Assets</Filter>
    </None>
    <None Include="PythonAIs\testBrain2.py">
      <Filter>Game</Filter>
    </None>
    <None Include="PythonAIs\Threader.py">
      <Filter>Game</Filter>
    </None>
    <None Include="C:\Users\kokoa\Pictures\Effekseer142cWin\shot.efk">
      <Filter>Assets</Filter>
    </None>
    <None Include="Game\Title\MonAIPreset\MonAIPreset.h">
      <Filter>Game\AIMonSelect\AIMonPreset\NObuild</Filter>
    </None>
    <None Include="Game\Title\MonAIPreset\MonAIPreset.cpp">
      <Filter>Game\AIMonSelect\AIMonPreset\NObuild</Filter>
    </None>
    <None Include="Game\Title\MonAIPreset\MonAIPresetClose.cpp">
      <Filter>Game\AIMonSelect\AIMonPreset\NObuild</Filter>
    </None>
    <None Include="Game\Title\MonAIPreset\MonAIPresetClose.h">
      <Filter>Game\AIMonSelect\AIMonPreset\NObuild</Filter>
    </None>
    <None Include="Game\Title\MonAIPreset\MonAIPresetLoad.cpp">
      <Filter>Game\AIMonSelect\AIMonPreset\NObuild</Filter>
    </None>
    <None Include="Game\Title\MonAIPreset\MonAIPresetLoad.h">
      <Filter>Game\AIMonSelect\AIMonPreset\NObuild</Filter>
    </None>
    <None Include="Game\Title\MonAIPreset\MonAIPresetOpen.cpp">
      <Filter>Game\AIMonSelect\AIMonPreset\NObuild</Filter>
    </None>
    <None Include="Game\Title\MonAIPreset\MonAIPresetOpen.h">
      <Filter>Game\AIMonSelect\AIMonPreset\NObuild</Filter>
    </None>
    <None Include="Game\Title\MonAIPreset\MonAIPresetSave.h">
      <Filter>Game\AIMonSelect\AIMonPreset\NObuild</Filter>
    </None>
    <None Include="Game\Title\MonAIPreset\MonAIPresetSave.cpp">
      <Filter>Game\AIMonSelect\AIMonPreset\NObuild</Filter>
    </None>
    <None Include="Assets\Sprite\AIEdit\arrow.png">
      <Filter>Assets\Sprite\AIEdit</Filter>
    </None>
    <None Include="Assets\Sprite\AIEdit\buttyon.png">
      <Filter>Assets\Sprite\AIEdit</Filter>
    </None>
    <None Include="Assets\Sprite\AIEdit\click.png">
      <Filter>Assets\Sprite\AIEdit</Filter>
    </None>
    <None Include="Assets\Sprite\AIEdit\clickButton.png">
      <Filter>Assets\Sprite\AIEdit</Filter>
    </None>
    <None Include="Assets\Sprite\AIEdit\deletepoint.png">
      <Filter>Assets\Sprite\AIEdit</Filter>
    </None>
    <None Include="Assets\Sprite\AIEdit\haik.png">
      <Filter>Assets\Sprite\AIEdit</Filter>
    </None>
    <None Include="Assets\Sprite\AIEdit\help.png">
      <Filter>Assets\Sprite\AIEdit</Filter>
    </None>
    <None Include="Assets\Sprite\AIEdit\HOM.png">
      <Filter>Assets\Sprite\AIEdit</Filter>
    </None>
    <None Include="Assets\Sprite\AIEdit\hozon.png">
      <Filter>Assets\Sprite\AIEdit</Filter>
    </None>
    <None Include="Assets\Sprite\AIEdit\karipoint.png">
      <Filter>Assets\Sprite\AIEdit</Filter>
    </None>
    <None Include="Assets\Sprite\AIEdit\masss.png">
      <Filter>Assets\Sprite\AIEdit</Filter>
    </None>
    <None Include="Assets\Sprite\AIEdit\menu.png">
      <Filter>Assets\Sprite\AIEdit</Filter>
    </None>
    <None Include="Assets\Sprite\AIEdit\menu2.png">
      <Filter>Assets\Sprite\AIEdit</Filter>
    </None>
    <None Include="Assets\Sprite\AIEdit\menuselect.png">
      <Filter>Assets\Sprite\AIEdit</Filter>
    </None>
    <None Include="Assets\Sprite\AIEdit\menuselectsieat.png">
      <Filter>Assets\Sprite\AIEdit</Filter>
    </None>
    <None Include="Assets\Sprite\AIEdit\open.png">
      <Filter>Assets\Sprite\AIEdit</Filter>
    </None>
    <None Include="Assets\Sprite\AIEdit\point.png">
      <Filter>Assets\Sprite\AIEdit</Filter>
    </None>
    <None Include="Assets\Sprite\AIEdit\sieat.png">
      <Filter>Assets\Sprite\AIEdit</Filter>
    </None>
    <None Include="Assets\Sprite\GUI\modeSelect\ai_sel\ai_back_R.png">
      <Filter>Assets\Sprite\AIselect</Filter>
    </None>
    <None Include="Assets\Sprite\GUI\modeSelect\ai_sel\ai_even.png">
      <Filter>Assets\Sprite\AIselect</Filter>
    </None>
    <None Include="Assets\Sprite\GUI\modeSelect\ai_sel\ai_sel.png">
      <Filter>Assets\Sprite\AIselect</Filter>
    </None>
    <None Include="Assets\Sprite\GUI\modeSelect\ai_sel\AIselect.png">
      <Filter>Assets\Sprite\AIselect</Filter>
    </None>
    <None Include="Assets\Sprite\GUI\modeSelect\ai_sel\B_alpha.png">
      <Filter>Assets\Sprite\AIselect</Filter>
    </None>
    <None Include="Assets\Sprite\GUI\modeSelect\ai_sel\monsel_back.png">
      <Filter>Assets\Sprite\AIselect</Filter>
    </None>
    <None Include="Assets\Sprite\GUI\modeSelect\ai_sel\PVchenger_P.png">
      <Filter>Assets\Sprite\AIselect</Filter>
    </None>
    <None Include="Assets\Sprite\GUI\modeSelect\ai_sel\PVchenger_V.png">
      <Filter>Assets\Sprite\AIselect</Filter>
    </None>
    <None Include="Assets\Sprite\GUI\Dungeon\d1.png">
      <Filter>Assets\Sprite\dungeon</Filter>
    </None>
    <None Include="Assets\Sprite\GUI\Dungeon\d2.png">
      <Filter>Assets\Sprite\dungeon</Filter>
    </None>
    <None Include="Assets\Sprite\GUI\Dungeon\d3.png">
      <Filter>Assets\Sprite\dungeon</Filter>
    </None>
    <None Include="Assets\Sprite\GUI\Dungeon\d4.png">
      <Filter>Assets\Sprite\dungeon</Filter>
    </None>
    <None Include="Assets\Sprite\GUI\Dungeon\d5.png">
      <Filter>Assets\Sprite\dungeon</Filter>
    </None>
    <None Include="Assets\Sprite\monsho\dun_stage0.png">
      <Filter>Assets\Sprite\dungeon</Filter>
    </None>
    <None Include="Assets\Sprite\GUI\Dungeon\dungeonAiSelectWallpaper.png">
      <Filter>Assets\Sprite\dungeon</Filter>
    </None>
    <None Include="Assets\Sprite\GUI\Dungeon\dungeonSelectWallpaper.png">
      <Filter>Assets\Sprite\dungeon</Filter>
    </None>
    <None Include="Assets\Sprite\GUI\Dungeon\DungeonSp.png">
      <Filter>Assets\Sprite\dungeon</Filter>
    </None>
    <None Include="Assets\Sprite\GUI\Dungeon\DungeonSpS.png">
      <Filter>Assets\Sprite\dungeon</Filter>
    </None>
    <None Include="Assets\Sprite\GUI\Dungeon\leftButton.png">
      <Filter>Assets\Sprite\dungeon</Filter>
    </None>
    <None Include="Assets\Sprite\GUI\Dungeon\nextDungeon.png">
      <Filter>Assets\Sprite\dungeon</Filter>
    </None>
    <None Include="Assets\Sprite\GUI\Dungeon\notifyLine.png">
      <Filter>Assets\Sprite\dungeon</Filter>
    </None>
    <None Include="Assets\Sprite\GUI\Dungeon\rightButton.png">
      <Filter>Assets\Sprite\dungeon</Filter>
    </None>
    <None Include="Assets\Sprite\Fade\fade_black.png">
      <Filter>Assets\Sprite\fade</Filter>
    </None>
    <None Include="Assets\Sprite\GUI\modeSelect\modesel_back.png">
      <Filter>Assets\Sprite\modesel</Filter>
    </None>
    <None Include="Assets\Sprite\GUI\modeSelect\modesel_back_aiedit.png">
      <Filter>Assets\Sprite\modesel</Filter>
    </None>
    <None Include="Assets\Sprite\GUI\modeSelect\modesel_back_dung.png">
      <Filter>Assets\Sprite\modesel</Filter>
    </None>
    <None Include="Assets\Sprite\GUI\modeSelect\modesel_back_local.png">
      <Filter>Assets\Sprite\modesel</Filter>
    </None>
    <None Include="Assets\Sprite\GUI\modeSelect\modesel_frame.png">
      <Filter>Assets\Sprite\modesel</Filter>
    </None>
    <None Include="Assets\Sprite\GUI\MonActList\actBlock.png">
      <Filter>Assets\Sprite\monActListNum</Filter>
    </None>
    <None Include="Assets\Sprite\GUI\MonActList\backBlue.png">
      <Filter>Assets\Sprite\monActListNum</Filter>
    </None>
    <None Include="Assets\Sprite\GUI\MonActList\backRed.png">
      <Filter>Assets\Sprite\monActListNum</Filter>
    </None>
    <None Include="Assets\Sprite\marker\mark_1.png">
      <Filter>Assets\Sprite\monMarker</Filter>
    </None>
    <None Include="Assets\Sprite\marker\mark_2.png">
      <Filter>Assets\Sprite\monMarker</Filter>
    </None>
    <None Include="Assets\Sprite\marker\mark_3.png">
      <Filter>Assets\Sprite\monMarker</Filter>
    </None>
    <None Include="Assets\Sprite\marker\mark_blue.png">
      <Filter>Assets\Sprite\monMarker</Filter>
    </None>
    <None Include="Assets\Sprite\marker\mark_red.png">
      <Filter>Assets\Sprite\monMarker</Filter>
    </None>
    <None Include="Assets\Sprite\GUI\modeSelect\mon_sel\mon_armor.png">
      <Filter>Assets\Sprite\MonSelect</Filter>
    </None>
    <None Include="Assets\Sprite\GUI\modeSelect\mon_sel\mon_back.png">
      <Filter>Assets\Sprite\MonSelect</Filter>
    </None>
    <None Include="Assets\Sprite\GUI\modeSelect\mon_sel\mon_fairy.png">
      <Filter>Assets\Sprite\MonSelect</Filter>
    </None>
    <None Include="Assets\Sprite\GUI\modeSelect\mon_sel\mon_frame.png">
      <Filter>Assets\Sprite\MonSelect</Filter>
    </None>
    <None Include="Assets\Sprite\GUI\modeSelect\mon_sel\mon_frameBlue.png">
      <Filter>Assets\Sprite\MonSelect</Filter>
    </None>
    <None Include="Assets\Sprite\GUI\modeSelect\mon_sel\mon_frameRed.png">
      <Filter>Assets\Sprite\MonSelect</Filter>
    </None>
    <None Include="Assets\Sprite\GUI\modeSelect\mon_sel\mon_frameYellow.png">
      <Filter>Assets\Sprite\MonSelect</Filter>
    </None>
    <None Include="Assets\Sprite\GUI\modeSelect\mon_sel\mon_none.png">
      <Filter>Assets\Sprite\MonSelect</Filter>
    </None>
    <None Include="Assets\Sprite\GUI\modeSelect\mon_sel\mon_uma.png">
      <Filter>Assets\Sprite\MonSelect</Filter>
    </None>
    <None Include="Assets\Sprite\GUI\modeSelect\mon_sel\monsel_back.png">
      <Filter>Assets\Sprite\MonSelect</Filter>
    </None>
    <None Include="Assets\Sprite\GUI\modeSelect\mon_sel\Monselect.png">
      <Filter>Assets\Sprite\MonSelect</Filter>
    </None>
    <None Include="Assets\Sprite\GUI\Net\close.png">
      <Filter>Assets\Sprite\netpvp</Filter>
    </None>
    <None Include="Assets\Sprite\GUI\Net\popupback.png">
      <Filter>Assets\Sprite\netpvp</Filter>
    </None>
    <None Include="Assets\Sprite\GUI\Net\ready.png">
      <Filter>Assets\Sprite\netpvp</Filter>
    </None>
    <None Include="Assets\Sprite\GUI\Net\waiting.png">
      <Filter>Assets\Sprite\netpvp</Filter>
    </None>
    <None Include="Assets\Sprite\readyGO\r_go.png">
      <Filter>Assets\Sprite\readyGO</Filter>
    </None>
    <None Include="Assets\Sprite\readyGO\Ready2.png">
      <Filter>Assets\Sprite\readyGO</Filter>
    </None>
    <None Include="Assets\Sprite\result\res_blueteam.png">
      <Filter>Assets\Sprite\result</Filter>
    </None>
    <None Include="Assets\Sprite\result\res_Lose.png">
      <Filter>Assets\Sprite\result</Filter>
    </None>
    <None Include="Assets\Sprite\result\res_redteam.png">
      <Filter>Assets\Sprite\result</Filter>
    </None>
    <None Include="Assets\Sprite\result\res_Win.png">
      <Filter>Assets\Sprite\result</Filter>
    </None>
    <None Include="Assets\Sprite\GUI\returnButton\returnArrow.png">
      <Filter>Assets\Sprite\returnButton</Filter>
    </None>
    <None Include="Assets\Sprite\GUI\returnButton\returnArrowLong.png">
      <Filter>Assets\Sprite\returnButton</Filter>
    </None>
    <None Include="Assets\Sprite\GUI\returnButton\returnButton.png">
      <Filter>Assets\Sprite\returnButton</Filter>
    </None>
    <None Include="Assets\Sprite\GUI\button\sb_cancel.png">
      <Filter>Assets\Sprite\simpleButton</Filter>
    </None>
    <None Include="Assets\Sprite\GUI\button\sb_OK.png">
      <Filter>Assets\Sprite\simpleButton</Filter>
    </None>
    <None Include="Assets\Sprite\GUI\button\simple_button.png">
      <Filter>Assets\Sprite\simpleButton</Filter>
    </None>
    <None Include="Assets\Sprite\GUI\button\simple_button_blue.png">
      <Filter>Assets\Sprite\simpleButton</Filter>
    </None>
    <None Include="Assets\Sprite\GUI\button1.png">
      <Filter>Assets\Sprite</Filter>
    </None>
    <None Include="Assets\Sprite\GUI\cursor.png">
      <Filter>Assets\Sprite</Filter>
    </None>
    <None Include="Assets\Sprite\GUI\GO.png">
      <Filter>Assets\Sprite</Filter>
    </None>
    <None Include="Assets\modelData\armor\armor.FBX">
      <Filter>Assets\model</Filter>
    </None>
    <None Include="Assets\modelData\door\door.fbx">
      <Filter>Assets\model</Filter>
    </None>
    <None Include="Assets\modelData\dungeon\dropwall.fbx">
      <Filter>Assets\model</Filter>
    </None>
    <None Include="Assets\modelData\stage\dun.fbx">
      <Filter>Assets\model</Filter>
    </None>
    <None Include="Assets\modelData\stage\dun_yuka.fbx">
      <Filter>Assets\model</Filter>
    </None>
    <None Include="Assets\modelData\dungeon\dungeonBack.FBX">
      <Filter>Assets\model</Filter>
    </None>
    <None Include="Assets\modelData\dungeon\egg.FBX">
      <Filter>Assets\model</Filter>
    </None>
    <None Include="Assets\modelData\fairy\hnd.FBX">
      <Filter>Assets\model</Filter>
    </None>
    <None Include="Assets\modelData\stage\limit.FBX">
      <Filter>Assets\model</Filter>
    </None>
    <None Include="Assets\modelData\stage\limit2.fbx">
      <Filter>Assets\model</Filter>
    </None>
    <None Include="Assets\modelData\stage\map.FBX">
      <Filter>Assets\model</Filter>
    </None>
    <None Include="Assets\modelData\testMons\tesEnemy2.fbx">
      <Filter>Assets\model</Filter>
    </None>
    <None Include="Assets\modelData\dungeon\testback.FBX">
      <Filter>Assets\model</Filter>
    </None>
    <None Include="Assets\modelData\uma\uma.bone.fbx">
      <Filter>Assets\model</Filter>
    </None>
    <None Include="Assets\modelData\uma\uma.fbx">
      <Filter>Assets\model</Filter>
    </None>
    <None Include="Assets\modelData\uma\uma.nobone.fbx">
      <Filter>Assets\model</Filter>
    </None>
    <None Include="Assets\modelData\testMons\tesEnemy3.fbx">
      <Filter>Assets\model</Filter>
    </None>
    <None Include="Assets\modelData\gob\gob.FBX">
      <Filter>Assets\model</Filter>
    </None>
    <None Include="Assets\modelData\book\book.FBX">
      <Filter>Assets\model</Filter>
    </None>
    <None Include="Assets\Sprite\GUI\modeSelect\mon_sel\mon_book.png">
      <Filter>Assets\Sprite\MonSelect</Filter>
    </None>
    <None Include="Assets\Sprite\GUI\modeSelect\mon_sel\mon_gob.png">
      <Filter>Assets\Sprite\MonSelect</Filter>
    </None>
  </ItemGroup>
  <ItemGroup>
    <Filter Include="act">
      <UniqueIdentifier>{ed9ac73e-291a-47fa-99d2-535de596c2f8}</UniqueIdentifier>
    </Filter>
    <Filter Include="Game">
      <UniqueIdentifier>{bbca8a34-1f3d-4b20-a230-eadf10875c5b}</UniqueIdentifier>
    </Filter>
    <Filter Include="Engine">
      <UniqueIdentifier>{a32add72-d2d5-4075-8ed3-87990a0e0a4d}</UniqueIdentifier>
    </Filter>
    <Filter Include="Assets">
      <UniqueIdentifier>{8ce8e5a7-04bc-4bca-bf79-eb3f32644d8a}</UniqueIdentifier>
    </Filter>
    <Filter Include="Game\AIEdite">
      <UniqueIdentifier>{fa759c58-a4ab-4adc-be14-5f048ed23ac9}</UniqueIdentifier>
    </Filter>
    <Filter Include="Game\PyAI">
      <UniqueIdentifier>{a1375527-2d41-4595-b5d6-00caa276f669}</UniqueIdentifier>
    </Filter>
    <Filter Include="Python">
      <UniqueIdentifier>{92bcbdc3-e9b9-42b9-95b9-ab207fdc6cec}</UniqueIdentifier>
    </Filter>
    <Filter Include="Game\AIMonSelect">
      <UniqueIdentifier>{3a3f97a9-bec5-46aa-9662-80a9b112ab5e}</UniqueIdentifier>
    </Filter>
    <Filter Include="Game\Monster">
      <UniqueIdentifier>{41811a72-fa96-427d-ad8a-b178db29047b}</UniqueIdentifier>
    </Filter>
    <Filter Include="Game\VisualScriptAI">
      <UniqueIdentifier>{99ba0e27-c2c2-4248-833f-399b23411c3e}</UniqueIdentifier>
    </Filter>
    <Filter Include="Assets\BGM">
      <UniqueIdentifier>{155d7623-0e58-46e5-b804-39c19244d196}</UniqueIdentifier>
    </Filter>
    <Filter Include="Assets\effect">
      <UniqueIdentifier>{56ce5bf2-3741-4603-a90a-05ceed3a57b9}</UniqueIdentifier>
    </Filter>
    <Filter Include="Assets\effect\panti">
      <UniqueIdentifier>{107c573f-e01f-4d8a-ada0-e42e584b7851}</UniqueIdentifier>
    </Filter>
    <Filter Include="Assets\SE">
      <UniqueIdentifier>{989b7302-585b-468b-922e-08fd132320e1}</UniqueIdentifier>
    </Filter>
    <Filter Include="Game\Effect">
      <UniqueIdentifier>{c0f3dabb-43d8-4371-b3f0-8a4654f5015e}</UniqueIdentifier>
    </Filter>
    <Filter Include="Game\fade">
      <UniqueIdentifier>{4afdf807-ed67-485c-851d-6773a20eddcf}</UniqueIdentifier>
    </Filter>
    <Filter Include="Game\Monster\abnSta">
      <UniqueIdentifier>{56a184c7-6437-43bb-af80-c02ee3d54b21}</UniqueIdentifier>
    </Filter>
    <Filter Include="Game\ReadyGO">
      <UniqueIdentifier>{9d35a062-52e0-4c3c-801d-841f807dcc91}</UniqueIdentifier>
    </Filter>
    <Filter Include="Game\AIMonSelect\AIMonPreset">
      <UniqueIdentifier>{8b2f22ae-5b7d-4128-8ee5-77b2561904bd}</UniqueIdentifier>
    </Filter>
    <Filter Include="Game\Input">
      <UniqueIdentifier>{12da6ca0-c822-400f-8b4e-89ca2e6419f7}</UniqueIdentifier>
    </Filter>
    <Filter Include="Game\NetPVP">
      <UniqueIdentifier>{736400d6-d82f-4535-8980-f973e86efcf1}</UniqueIdentifier>
    </Filter>
    <Filter Include="Assets\model">
      <UniqueIdentifier>{54e45174-d863-4cee-b43e-a6cd4a2fc83c}</UniqueIdentifier>
    </Filter>
    <Filter Include="Game\AIMonSelect\AIMonPreset\NObuild">
      <UniqueIdentifier>{6a9b7ea5-fac4-4ee0-bd82-41334b49fa63}</UniqueIdentifier>
    </Filter>
    <Filter Include="Game\ReturnButton">
      <UniqueIdentifier>{eb301fad-d231-402b-9508-b7a9d610367e}</UniqueIdentifier>
    </Filter>
    <Filter Include="Assets\Sprite">
      <UniqueIdentifier>{6f602ec6-5ca3-4dfb-828f-c8e379e1efce}</UniqueIdentifier>
    </Filter>
    <Filter Include="Assets\Sprite\AIEdit">
      <UniqueIdentifier>{c9ae396b-b5d9-4d7e-87e9-12d4b84b172e}</UniqueIdentifier>
    </Filter>
    <Filter Include="Assets\Sprite\monMarker">
      <UniqueIdentifier>{81965794-952b-4197-9b09-0487f5d721dd}</UniqueIdentifier>
    </Filter>
    <Filter Include="Assets\Sprite\netpvp">
      <UniqueIdentifier>{ebb19061-9452-4be4-88d7-aae822d44c5b}</UniqueIdentifier>
    </Filter>
    <Filter Include="Assets\Sprite\modesel">
      <UniqueIdentifier>{45e32ff4-e991-452c-aeb8-cee15ccff98b}</UniqueIdentifier>
    </Filter>
    <Filter Include="Assets\Sprite\monActListNum">
      <UniqueIdentifier>{2f73a362-a789-451a-baee-c4d1dca0e13e}</UniqueIdentifier>
    </Filter>
    <Filter Include="Assets\Sprite\fade">
      <UniqueIdentifier>{3ed1854a-560a-48ea-8167-107681e38fb9}</UniqueIdentifier>
    </Filter>
    <Filter Include="Assets\Sprite\dungeon">
      <UniqueIdentifier>{b3dcee6e-1f99-46be-b6dd-31307adf43fa}</UniqueIdentifier>
    </Filter>
    <Filter Include="Assets\Sprite\returnButton">
      <UniqueIdentifier>{9f4b8fa2-12ac-4bf6-89f5-853abc6bd1c8}</UniqueIdentifier>
    </Filter>
    <Filter Include="Assets\Sprite\simpleButton">
      <UniqueIdentifier>{4360c211-fedf-4de7-9cb1-d66f34a0981a}</UniqueIdentifier>
    </Filter>
    <Filter Include="Assets\Sprite\readyGO">
      <UniqueIdentifier>{c0b5965d-e20a-4ff1-adf8-6d1e7df907f5}</UniqueIdentifier>
    </Filter>
    <Filter Include="Assets\Sprite\result">
      <UniqueIdentifier>{ec9e3912-31e6-485d-88ad-6b059f1d7805}</UniqueIdentifier>
    </Filter>
    <Filter Include="Assets\Sprite\AIselect">
      <UniqueIdentifier>{14ad462d-d219-4cbf-b277-aa411b944a2d}</UniqueIdentifier>
    </Filter>
    <Filter Include="Assets\Sprite\MonSelect">
      <UniqueIdentifier>{980c3a0a-ea09-46ea-8843-ecabbd66a6cd}</UniqueIdentifier>
    </Filter>
    <Filter Include="act\buff">
      <UniqueIdentifier>{479eeb42-6d03-4573-840b-dbdbff08b05e}</UniqueIdentifier>
    </Filter>
    <Filter Include="act\debuff">
      <UniqueIdentifier>{e67c7ddd-6282-4d37-aee9-827fcb7fae34}</UniqueIdentifier>
    </Filter>
    <Filter Include="Game\AIMonSelect\Dungeon">
      <UniqueIdentifier>{ecc301f3-6fd1-409b-9ab5-30e1464f2b87}</UniqueIdentifier>
    </Filter>
  </ItemGroup>
  <ItemGroup>
    <Media Include="Assets\sound\punch-middle2.wav">
      <Filter>Assets</Filter>
    </Media>
    <Media Include="Assets\sound\punch-high2.wav">
      <Filter>Assets</Filter>
    </Media>
    <Media Include="Assets\sound\kick-low1.wav">
      <Filter>Assets</Filter>
    </Media>
    <Media Include="Assets\sound\BGM\PerituneMaterial_Strategy5_loop.wav">
      <Filter>Assets\BGM</Filter>
    </Media>
  </ItemGroup>
  <ItemGroup>
    <ImageContentTask Include="Assets\Sprite\GUI\check.png">
      <Filter>Assets\Sprite</Filter>
    </ImageContentTask>
  </ItemGroup>
</Project>